
Microsoft Visual Studio Solution File, Format Version 12.00
# Visual Studio Version 17
VisualStudioVersion = 17.11.35208.52
MinimumVisualStudioVersion = 10.0.40219.1
Project("{FAE04EC0-301F-11D3-BF4B-00C04F79EFBC}") = "DisasterAlleviationFoundation", "DisasterAlleviationFoundation\DisasterAlleviationFoundation.csproj", "{ACCAD439-D57B-4CC3-8F73-0A9F8858F410}"
EndProject
Project("{FAE04EC0-301F-11D3-BF4B-00C04F79EFBC}") = "DisasterAlleviation.Tests", "DisasterAlleviation.Tests\DisasterAlleviation.Tests.csproj", "{750FE896-17FD-4244-BC6C-18C4FA0FE835}"
EndProject
Global
	GlobalSection(SolutionConfigurationPlatforms) = preSolution
		Debug|Any CPU = Debug|Any CPU
		Release|Any CPU = Release|Any CPU
	EndGlobalSection
	GlobalSection(ProjectConfigurationPlatforms) = postSolution
		{ACCAD439-D57B-4CC3-8F73-0A9F8858F410}.Debug|Any CPU.ActiveCfg = Debug|Any CPU
		{ACCAD439-D57B-4CC3-8F73-0A9F8858F410}.Debug|Any CPU.Build.0 = Debug|Any CPU
		{ACCAD439-D57B-4CC3-8F73-0A9F8858F410}.Release|Any CPU.ActiveCfg = Release|Any CPU
		{ACCAD439-D57B-4CC3-8F73-0A9F8858F410}.Release|Any CPU.Build.0 = Release|Any CPU
		{750FE896-17FD-4244-BC6C-18C4FA0FE835}.Debug|Any CPU.ActiveCfg = Debug|Any CPU
		{750FE896-17FD-4244-BC6C-18C4FA0FE835}.Debug|Any CPU.Build.0 = Debug|Any CPU
		{750FE896-17FD-4244-BC6C-18C4FA0FE835}.Release|Any CPU.ActiveCfg = Release|Any CPU
		{750FE896-17FD-4244-BC6C-18C4FA0FE835}.Release|Any CPU.Build.0 = Release|Any CPU
	EndGlobalSection
	GlobalSection(SolutionProperties) = preSolution
		HideSolutionNode = FALSE
	EndGlobalSection
	GlobalSection(ExtensibilityGlobals) = postSolution
		SolutionGuid = {EC540377-1915-4491-AC43-E675BE993E61}
	EndGlobalSection
EndGlobal
